
Microsoft Visual Studio Solution File, Format Version 12.00
# Visual Studio Version 17
VisualStudioVersion = 17.4.33122.133
MinimumVisualStudioVersion = 10.0.40219.1
Project("{9A19103F-16F7-4668-BE54-9A1E7A4F7556}") = "Requests", "Requests\Requests.csproj", "{95D249D8-C261-43E8-941B-386E78BCC381}"
EndProject
Project("{FAE04EC0-301F-11D3-BF4B-00C04F79EFBC}") = "UnitTest", "UnitTest\UnitTest.csproj", "{CD416881-1C3A-4A8A-84F4-F9FA2F884602}"
EndProject
Global
	GlobalSection(SolutionConfigurationPlatforms) = preSolution
		Debug|Any CPU = Debug|Any CPU
		Release|Any CPU = Release|Any CPU
	EndGlobalSection
	GlobalSection(ProjectConfigurationPlatforms) = postSolution
		{95D249D8-C261-43E8-941B-386E78BCC381}.Debug|Any CPU.ActiveCfg = Debug|Any CPU
		{95D249D8-C261-43E8-941B-386E78BCC381}.Debug|Any CPU.Build.0 = Debug|Any CPU
		{95D249D8-C261-43E8-941B-386E78BCC381}.Release|Any CPU.ActiveCfg = Release|Any CPU
		{95D249D8-C261-43E8-941B-386E78BCC381}.Release|Any CPU.Build.0 = Release|Any CPU
		{CD416881-1C3A-4A8A-84F4-F9FA2F884602}.Debug|Any CPU.ActiveCfg = Debug|Any CPU
		{CD416881-1C3A-4A8A-84F4-F9FA2F884602}.Debug|Any CPU.Build.0 = Debug|Any CPU
		{CD416881-1C3A-4A8A-84F4-F9FA2F884602}.Release|Any CPU.ActiveCfg = Release|Any CPU
		{CD416881-1C3A-4A8A-84F4-F9FA2F884602}.Release|Any CPU.Build.0 = Release|Any CPU
	EndGlobalSection
	GlobalSection(SolutionProperties) = preSolution
		HideSolutionNode = FALSE
	EndGlobalSection
	GlobalSection(ExtensibilityGlobals) = postSolution
		SolutionGuid = {3F729C9B-47F1-438C-82CD-9338D2ADFB70}
	EndGlobalSection
EndGlobal
